{
  "version": 4,
  "terraform_version": "1.12.2",
  "serial": 65,
  "lineage": "bcf735fb-3ba5-324a-60bc-34d297e72cb0",
  "outputs": {
    "key_pair_name": {
      "value": "sakis",
      "type": "string"
    },
    "nat_gateway_ip": {
      "value": "51.21.146.66",
      "type": "string"
    },
    "private_instance_private_ip": {
      "value": "10.0.2.208",
      "type": "string"
    },
    "private_key_file": {
      "value": "./private_key.pem",
      "type": "string"
    },
    "private_subnet_id": {
      "value": "subnet-0a6d4aa520db4f671",
      "type": "string"
    },
    "public_instance_public_ip": {
      "value": "13.53.95.220",
      "type": "string"
    },
    "public_subnet_id": {
      "value": "subnet-06981acbc20b6b993",
      "type": "string"
    },
    "vpc_id": {
      "value": "vpc-01e1e8da835aab83f",
      "type": "string"
    }
  },
  "resources": [
    {
      "module": "module.ec2_instances",
      "mode": "data",
      "type": "aws_ami",
      "name": "amazon_linux_2",
      "provider": "provider[\"registry.terraform.io/hashicorp/aws\"]",
      "instances": [
        {
          "schema_version": 0,
          "attributes": {
            "architecture": "x86_64",
            "arn": "arn:aws:ec2:eu-north-1::image/ami-01e27d968e66a4cf5",
            "block_device_mappings": [
              {
                "device_name": "/dev/xvda",
                "ebs": {
                  "delete_on_termination": "true",
                  "encrypted": "false",
                  "iops": "0",
                  "snapshot_id": "snap-0b57e8d4e20ef06e1",
                  "throughput": "0",
                  "volume_initialization_rate": "0",
                  "volume_size": "8",
                  "volume_type": "gp2"
                },
                "no_device": "",
                "virtual_name": ""
              }
            ],
            "boot_mode": "",
            "creation_date": "2025-06-11T01:27:33.000Z",
            "deprecation_time": "2025-09-09T01:28:00.000Z",
            "description": "Amazon Linux 2 AMI 2.0.20250610.0 x86_64 HVM gp2",
            "ena_support": true,
            "executable_users": null,
            "filter": [
              {
                "name": "name",
                "values": [
                  "amzn2-ami-hvm-*-x86_64-gp2"
                ]
              },
              {
                "name": "virtualization-type",
                "values": [
                  "hvm"
                ]
              }
            ],
            "hypervisor": "xen",
            "id": "ami-01e27d968e66a4cf5",
            "image_id": "ami-01e27d968e66a4cf5",
            "image_location": "amazon/amzn2-ami-hvm-2.0.20250610.0-x86_64-gp2",
            "image_owner_alias": "amazon",
            "image_type": "machine",
            "imds_support": "",
            "include_deprecated": false,
            "kernel_id": "",
            "last_launched_time": "",
            "most_recent": true,
            "name": "amzn2-ami-hvm-2.0.20250610.0-x86_64-gp2",
            "name_regex": null,
            "owner_id": "137112412989",
            "owners": [
              "amazon"
            ],
            "platform": "",
            "platform_details": "Linux/UNIX",
            "product_codes": [],
            "public": true,
            "ramdisk_id": "",
            "root_device_name": "/dev/xvda",
            "root_device_type": "ebs",
            "root_snapshot_id": "snap-0b57e8d4e20ef06e1",
            "sriov_net_support": "simple",
            "state": "available",
            "state_reason": {
              "code": "UNSET",
              "message": "UNSET"
            },
            "tags": {},
            "timeouts": null,
            "tpm_support": "",
            "uefi_data": null,
            "usage_operation": "RunInstances",
            "virtualization_type": "hvm"
          },
          "sensitive_attributes": [],
          "identity_schema_version": 0
        }
      ]
    },
    {
      "module": "module.ec2_instances",
      "mode": "data",
      "type": "aws_ami",
      "name": "ubuntu",
      "provider": "provider[\"registry.terraform.io/hashicorp/aws\"]",
      "instances": [
        {
          "schema_version": 0,
          "attributes": {
            "architecture": "x86_64",
            "arn": "arn:aws:ec2:eu-north-1::image/ami-0d4d7e98021b6b9a6",
            "block_device_mappings": [
              {
                "device_name": "/dev/sda1",
                "ebs": {
                  "delete_on_termination": "true",
                  "encrypted": "false",
                  "iops": "0",
                  "snapshot_id": "snap-09a64b914d7b0318d",
                  "throughput": "0",
                  "volume_initialization_rate": "0",
                  "volume_size": "8",
                  "volume_type": "gp2"
                },
                "no_device": "",
                "virtual_name": ""
              },
              {
                "device_name": "/dev/sdb",
                "ebs": {},
                "no_device": "",
                "virtual_name": "ephemeral0"
              },
              {
                "device_name": "/dev/sdc",
                "ebs": {},
                "no_device": "",
                "virtual_name": "ephemeral1"
              }
            ],
            "boot_mode": "uefi-preferred",
            "creation_date": "2025-06-17T06:49:31.000Z",
            "deprecation_time": "2027-06-17T06:49:31.000Z",
            "description": "Canonical, Ubuntu, 22.04, amd64 jammy image",
            "ena_support": true,
            "executable_users": null,
            "filter": [
              {
                "name": "name",
                "values": [
                  "ubuntu/images/hvm-ssd/ubuntu-jammy-22.04-amd64-server-*"
                ]
              },
              {
                "name": "virtualization-type",
                "values": [
                  "hvm"
                ]
              }
            ],
            "hypervisor": "xen",
            "id": "ami-0d4d7e98021b6b9a6",
            "image_id": "ami-0d4d7e98021b6b9a6",
            "image_location": "amazon/ubuntu/images/hvm-ssd/ubuntu-jammy-22.04-amd64-server-20250617",
            "image_owner_alias": "amazon",
            "image_type": "machine",
            "imds_support": "",
            "include_deprecated": false,
            "kernel_id": "",
            "last_launched_time": "",
            "most_recent": true,
            "name": "ubuntu/images/hvm-ssd/ubuntu-jammy-22.04-amd64-server-20250617",
            "name_regex": null,
            "owner_id": "099720109477",
            "owners": [
              "099720109477"
            ],
            "platform": "",
            "platform_details": "Linux/UNIX",
            "product_codes": [],
            "public": true,
            "ramdisk_id": "",
            "root_device_name": "/dev/sda1",
            "root_device_type": "ebs",
            "root_snapshot_id": "snap-09a64b914d7b0318d",
            "sriov_net_support": "simple",
            "state": "available",
            "state_reason": {
              "code": "UNSET",
              "message": "UNSET"
            },
            "tags": {},
            "timeouts": null,
            "tpm_support": "",
            "uefi_data": null,
            "usage_operation": "RunInstances",
            "virtualization_type": "hvm"
          },
          "sensitive_attributes": [],
          "identity_schema_version": 0
        }
      ]
    },
    {
      "module": "module.ec2_instances",
      "mode": "managed",
      "type": "aws_ebs_volume",
      "name": "private_volume",
      "provider": "provider[\"registry.terraform.io/hashicorp/aws\"]",
      "instances": [
        {
          "schema_version": 0,
          "attributes": {
            "arn": "arn:aws:ec2:eu-north-1:656860122216:volume/vol-0547446687dcbca0c",
            "availability_zone": "eu-north-1b",
            "create_time": "2025-06-22T18:31:29Z",
            "encrypted": true,
            "final_snapshot": false,
            "id": "vol-0547446687dcbca0c",
            "iops": 100,
            "kms_key_id": "arn:aws:kms:eu-north-1:656860122216:key/3315e492-d472-49b7-93bc-a56752d3c8f0",
            "multi_attach_enabled": false,
            "outpost_arn": "",
            "size": 20,
            "snapshot_id": "",
            "tags": {
              "Environment": "dev",
              "Name": "aws-cybersec-private-volume"
            },
            "tags_all": {
              "Environment": "dev",
              "Name": "aws-cybersec-private-volume"
            },
            "throughput": 0,
            "timeouts": null,
            "type": "gp2"
          },
          "sensitive_attributes": [],
          "identity_schema_version": 0,
          "private": "eyJlMmJmYjczMC1lY2FhLTExZTYtOGY4OC0zNDM2M2JjN2M0YzAiOnsiY3JlYXRlIjozMDAwMDAwMDAwMDAsImRlbGV0ZSI6NjAwMDAwMDAwMDAwLCJ1cGRhdGUiOjMwMDAwMDAwMDAwMH19",
          "dependencies": [
            "module.ec2_instances.aws_instance.private",
            "module.ec2_instances.aws_key_pair.main",
            "module.ec2_instances.data.aws_ami.amazon_linux_2",
            "module.ec2_instances.tls_private_key.main",
            "module.security_groups.aws_security_group.private",
            "module.security_groups.aws_security_group.public",
            "module.vpc.aws_subnet.private",
            "module.vpc.aws_vpc.main",
            "module.vpc.data.aws_availability_zones.available"
          ]
        }
      ]
    },
    {
      "module": "module.ec2_instances",
      "mode": "managed",
      "type": "aws_instance",
      "name": "private",
      "provider": "provider[\"registry.terraform.io/hashicorp/aws\"]",
      "instances": [
        {
          "schema_version": 1,
          "attributes": {
            "ami": "ami-01e27d968e66a4cf5",
            "arn": "arn:aws:ec2:eu-north-1:656860122216:instance/i-0cb8be5fae78033ab",
            "associate_public_ip_address": false,
            "availability_zone": "eu-north-1b",
            "capacity_reservation_specification": [
              {
                "capacity_reservation_preference": "open",
                "capacity_reservation_target": []
              }
            ],
            "cpu_core_count": 1,
            "cpu_options": [
              {
                "amd_sev_snp": "",
                "core_count": 1,
                "threads_per_core": 2
              }
            ],
            "cpu_threads_per_core": 2,
            "credit_specification": [
              {
                "cpu_credits": "unlimited"
              }
            ],
            "disable_api_stop": false,
            "disable_api_termination": false,
            "ebs_block_device": [
              {
                "delete_on_termination": false,
                "device_name": "/dev/sdf",
                "encrypted": true,
                "iops": 100,
                "kms_key_id": "arn:aws:kms:eu-north-1:656860122216:key/3315e492-d472-49b7-93bc-a56752d3c8f0",
                "snapshot_id": "",
                "tags": {
                  "Environment": "dev",
                  "Name": "aws-cybersec-private-volume"
                },
                "tags_all": {
                  "Environment": "dev",
                  "Name": "aws-cybersec-private-volume"
                },
                "throughput": 0,
                "volume_id": "vol-0547446687dcbca0c",
                "volume_size": 20,
                "volume_type": "gp2"
              }
            ],
            "ebs_optimized": false,
            "enable_primary_ipv6": null,
            "enclave_options": [
              {
                "enabled": false
              }
            ],
            "ephemeral_block_device": [],
            "get_password_data": false,
            "hibernation": false,
            "host_id": "",
            "host_resource_group_arn": null,
            "iam_instance_profile": "",
            "id": "i-0cb8be5fae78033ab",
            "instance_initiated_shutdown_behavior": "stop",
            "instance_lifecycle": "",
            "instance_market_options": [],
            "instance_state": "running",
            "instance_type": "t3.micro",
            "ipv6_address_count": 0,
            "ipv6_addresses": [],
            "key_name": "sakis",
            "launch_template": [],
            "maintenance_options": [
              {
                "auto_recovery": "default"
              }
            ],
            "metadata_options": [
              {
                "http_endpoint": "enabled",
                "http_protocol_ipv6": "disabled",
                "http_put_response_hop_limit": 1,
                "http_tokens": "optional",
                "instance_metadata_tags": "disabled"
              }
            ],
            "monitoring": false,
            "network_interface": [],
            "outpost_arn": "",
            "password_data": "",
            "placement_group": "",
            "placement_partition_number": 0,
            "primary_network_interface_id": "eni-03e7877272bfda567",
            "private_dns": "ip-10-0-2-208.eu-north-1.compute.internal",
            "private_dns_name_options": [
              {
                "enable_resource_name_dns_a_record": false,
                "enable_resource_name_dns_aaaa_record": false,
                "hostname_type": "ip-name"
              }
            ],
            "private_ip": "10.0.2.208",
            "public_dns": "",
            "public_ip": "",
            "root_block_device": [
              {
                "delete_on_termination": true,
                "device_name": "/dev/xvda",
                "encrypted": false,
                "iops": 100,
                "kms_key_id": "",
                "tags": {},
                "tags_all": {},
                "throughput": 0,
                "volume_id": "vol-0b2895a634c19edc9",
                "volume_size": 8,
                "volume_type": "gp2"
              }
            ],
            "secondary_private_ips": [],
            "security_groups": [],
            "source_dest_check": true,
            "spot_instance_request_id": "",
            "subnet_id": "subnet-0a6d4aa520db4f671",
            "tags": {
              "Environment": "dev",
              "Name": "aws-cybersec-private-instance"
            },
            "tags_all": {
              "Environment": "dev",
              "Name": "aws-cybersec-private-instance"
            },
            "tenancy": "default",
            "timeouts": null,
            "user_data": null,
            "user_data_base64": null,
            "user_data_replace_on_change": false,
            "volume_tags": null,
            "vpc_security_group_ids": [
              "sg-07d95db016ba04f8f"
            ]
          },
          "sensitive_attributes": [],
          "identity_schema_version": 0,
          "private": "eyJlMmJmYjczMC1lY2FhLTExZTYtOGY4OC0zNDM2M2JjN2M0YzAiOnsiY3JlYXRlIjo2MDAwMDAwMDAwMDAsImRlbGV0ZSI6MTIwMDAwMDAwMDAwMCwicmVhZCI6OTAwMDAwMDAwMDAwLCJ1cGRhdGUiOjYwMDAwMDAwMDAwMH0sInNjaGVtYV92ZXJzaW9uIjoiMSJ9",
          "dependencies": [
            "module.ec2_instances.aws_key_pair.main",
            "module.ec2_instances.data.aws_ami.amazon_linux_2",
            "module.ec2_instances.tls_private_key.main",
            "module.security_groups.aws_security_group.private",
            "module.security_groups.aws_security_group.public",
            "module.vpc.aws_subnet.private",
            "module.vpc.aws_vpc.main",
            "module.vpc.data.aws_availability_zones.available"
          ]
        }
      ]
    },
    {
      "module": "module.ec2_instances",
      "mode": "managed",
      "type": "aws_instance",
      "name": "public",
      "provider": "provider[\"registry.terraform.io/hashicorp/aws\"]",
      "instances": [
        {
          "schema_version": 1,
          "attributes": {
            "ami": "ami-0d4d7e98021b6b9a6",
            "arn": "arn:aws:ec2:eu-north-1:656860122216:instance/i-08a450bacb8f42e78",
            "associate_public_ip_address": true,
            "availability_zone": "eu-north-1a",
            "capacity_reservation_specification": [
              {
                "capacity_reservation_preference": "open",
                "capacity_reservation_target": []
              }
            ],
            "cpu_core_count": 1,
            "cpu_options": [
              {
                "amd_sev_snp": "",
                "core_count": 1,
                "threads_per_core": 2
              }
            ],
            "cpu_threads_per_core": 2,
            "credit_specification": [
              {
                "cpu_credits": "unlimited"
              }
            ],
            "disable_api_stop": false,
            "disable_api_termination": false,
            "ebs_block_device": [],
            "ebs_optimized": false,
            "enable_primary_ipv6": null,
            "enclave_options": [
              {
                "enabled": false
              }
            ],
            "ephemeral_block_device": [],
            "get_password_data": false,
            "hibernation": false,
            "host_id": "",
            "host_resource_group_arn": null,
            "iam_instance_profile": "",
            "id": "i-08a450bacb8f42e78",
            "instance_initiated_shutdown_behavior": "stop",
            "instance_lifecycle": "",
            "instance_market_options": [],
            "instance_state": "running",
            "instance_type": "t3.micro",
            "ipv6_address_count": 0,
            "ipv6_addresses": [],
            "key_name": "sakis",
            "launch_template": [],
            "maintenance_options": [
              {
                "auto_recovery": "default"
              }
            ],
            "metadata_options": [
              {
                "http_endpoint": "enabled",
                "http_protocol_ipv6": "disabled",
                "http_put_response_hop_limit": 1,
                "http_tokens": "optional",
                "instance_metadata_tags": "disabled"
              }
            ],
            "monitoring": false,
            "network_interface": [],
            "outpost_arn": "",
            "password_data": "",
            "placement_group": "",
            "placement_partition_number": 0,
            "primary_network_interface_id": "eni-09801e005d0aaf122",
            "private_dns": "ip-10-0-1-175.eu-north-1.compute.internal",
            "private_dns_name_options": [
              {
                "enable_resource_name_dns_a_record": false,
                "enable_resource_name_dns_aaaa_record": false,
                "hostname_type": "ip-name"
              }
            ],
            "private_ip": "10.0.1.175",
            "public_dns": "ec2-13-53-95-220.eu-north-1.compute.amazonaws.com",
            "public_ip": "13.53.95.220",
            "root_block_device": [
              {
                "delete_on_termination": true,
                "device_name": "/dev/sda1",
                "encrypted": false,
                "iops": 100,
                "kms_key_id": "",
                "tags": {},
                "tags_all": {},
                "throughput": 0,
                "volume_id": "vol-053bfeffe6aa60a5b",
                "volume_size": 8,
                "volume_type": "gp2"
              }
            ],
            "secondary_private_ips": [],
            "security_groups": [],
            "source_dest_check": true,
            "spot_instance_request_id": "",
            "subnet_id": "subnet-06981acbc20b6b993",
            "tags": {
              "Environment": "dev",
              "Name": "aws-cybersec-public-instance"
            },
            "tags_all": {
              "Environment": "dev",
              "Name": "aws-cybersec-public-instance"
            },
            "tenancy": "default",
            "timeouts": null,
            "user_data": "62cccd6f4dfa938b8df9716f2f7f6c2c162a9b9f",
            "user_data_base64": null,
            "user_data_replace_on_change": false,
            "volume_tags": null,
            "vpc_security_group_ids": [
              "sg-0ffb575bee51079ab"
            ]
          },
          "sensitive_attributes": [],
          "identity_schema_version": 0,
          "private": "eyJlMmJmYjczMC1lY2FhLTExZTYtOGY4OC0zNDM2M2JjN2M0YzAiOnsiY3JlYXRlIjo2MDAwMDAwMDAwMDAsImRlbGV0ZSI6MTIwMDAwMDAwMDAwMCwicmVhZCI6OTAwMDAwMDAwMDAwLCJ1cGRhdGUiOjYwMDAwMDAwMDAwMH0sInNjaGVtYV92ZXJzaW9uIjoiMSJ9",
          "dependencies": [
            "module.ec2_instances.aws_key_pair.main",
            "module.ec2_instances.data.aws_ami.ubuntu",
            "module.ec2_instances.tls_private_key.main",
            "module.security_groups.aws_security_group.public",
            "module.vpc.aws_subnet.public",
            "module.vpc.aws_vpc.main",
            "module.vpc.data.aws_availability_zones.available"
          ]
        }
      ]
    },
    {
      "module": "module.ec2_instances",
      "mode": "managed",
      "type": "aws_key_pair",
      "name": "main",
      "provider": "provider[\"registry.terraform.io/hashicorp/aws\"]",
      "instances": [
        {
          "schema_version": 1,
          "attributes": {
            "arn": "arn:aws:ec2:eu-north-1:656860122216:key-pair/sakis",
            "fingerprint": "8e:e0:ab:e0:81:0f:82:f1:10:68:7a:e6:31:93:04:a8",
            "id": "sakis",
            "key_name": "sakis",
            "key_name_prefix": "",
            "key_pair_id": "key-08a5521ed884ec8f5",
            "key_type": "rsa",
            "public_key": "ssh-rsa AAAAB3NzaC1yc2EAAAADAQABAAACAQC8WpYIS1yn6x+0qTUWHUteGJk/x0SLuT5lqI+qRRSI9/VVXXDuCmYgu8Z/vlTXPdlMATH5ltLV70+KZJNmZm9uW38GnyK/r7v+La0Wslv8kOWPPRu/ZLRtSPS6n/X0fC1l2EaqzjzhO+buwh/HFUR0sY7gVVkFUvE+FAb6Mx1PuqIA2NQ/CQpJmDFh2jDYHffn52S2RdX1jtczxguUsSl49ERa3IIWqdeJMo//6C7N1J4X+AuF2zZns3+pvY42Uhp8P/z4b+tuPTXeymJ58FYtfnL3VkItPQj8GiarNKllzQNrF1ZApUmz+ZGdfZSkHwYAj3xZs/AOTp5iz/1w/gMQxWl+kkMOduK7PPQwBQXeIvxBX8kzQxgAtJDZJ2rzqNIi7VXdHuazClk3AQD2DK9hqxKzfcx/+lr7yB8m8erhrrbMS1XEPoeuAVw3lla3EAcBDdciboB53JA6O934hSJDEVsfLpUC1i0xE2LBSWfe2IH+Y/kLl2sgSXxTCVh2D8arN3ayVjsxpoTnawEozH0jMXG/4N4x6vAo6AwNlBYWmNdK2uX5T3HK1f1BWpClsnusDCQQNI/7rD5f0tkJhlWRJXhjyXnO4+QFYumwQFXTJHDj7LY7oJtJehdTkTfaMly35d7imHrL5WERrp90bwOjuf6hdvpt+Gm4pkxYY01+hw==",
            "tags": {
              "Environment": "dev",
              "Name": "aws-cybersec-key-pair"
            },
            "tags_all": {
              "Environment": "dev",
              "Name": "aws-cybersec-key-pair"
            }
          },
          "sensitive_attributes": [],
          "identity_schema_version": 0,
          "private": "eyJzY2hlbWFfdmVyc2lvbiI6IjEifQ==",
          "dependencies": [
            "module.ec2_instances.tls_private_key.main"
          ]
        }
      ]
    },
    {
      "module": "module.ec2_instances",
      "mode": "managed",
      "type": "aws_volume_attachment",
      "name": "private_volume_attachment",
      "provider": "provider[\"registry.terraform.io/hashicorp/aws\"]",
      "instances": [
        {
          "schema_version": 0,
          "attributes": {
            "device_name": "/dev/sdf",
            "force_detach": null,
            "id": "vai-1012037369",
            "instance_id": "i-0cb8be5fae78033ab",
            "skip_destroy": null,
            "stop_instance_before_detaching": null,
            "timeouts": null,
            "volume_id": "vol-0547446687dcbca0c"
          },
          "sensitive_attributes": [],
          "identity_schema_version": 0,
          "private": "eyJlMmJmYjczMC1lY2FhLTExZTYtOGY4OC0zNDM2M2JjN2M0YzAiOnsiY3JlYXRlIjozMDAwMDAwMDAwMDAsImRlbGV0ZSI6MzAwMDAwMDAwMDAwfX0=",
          "dependencies": [
            "module.ec2_instances.aws_ebs_volume.private_volume",
            "module.ec2_instances.aws_instance.private",
            "module.ec2_instances.aws_key_pair.main",
            "module.ec2_instances.data.aws_ami.amazon_linux_2",
            "module.ec2_instances.tls_private_key.main",
            "module.security_groups.aws_security_group.private",
            "module.security_groups.aws_security_group.public",
            "module.vpc.aws_subnet.private",
            "module.vpc.aws_vpc.main",
            "module.vpc.data.aws_availability_zones.available"
          ]
        }
      ]
    },
    {
      "module": "module.ec2_instances",
      "mode": "managed",
      "type": "local_file",
      "name": "private_key",
      "provider": "provider[\"registry.terraform.io/hashicorp/local\"]",
      "instances": [
        {
          "schema_version": 0,
          "attributes": {
            "content": "-----BEGIN RSA PRIVATE KEY-----\nMIIJKAIBAAKCAgEAvFqWCEtcp+sftKk1Fh1LXhiZP8dEi7k+ZaiPqkUUiPf1VV1w\n7gpmILvGf75U1z3ZTAEx+ZbS1e9PimSTZmZvblt/Bp8iv6+7/i2tFrJb/JDljz0b\nv2S0bUj0up/19HwtZdhGqs484Tvm7sIfxxVEdLGO4FVZBVLxPhQG+jMdT7qiANjU\nPwkKSZgxYdow2B335+dktkXV9Y7XM8YLlLEpePREWtyCFqnXiTKP/+guzdSeF/gL\nhds2Z7N/qb2ONlIafD/8+G/rbj013spiefBWLX5y91ZCLT0I/BomqzSpZc0DaxdW\nQKVJs/mRnX2UpB8GAI98WbPwDk6eYs/9cP4DEMVpfpJDDnbiuzz0MAUF3iL8QV/J\nM0MYALSQ2Sdq86jSIu1V3R7mswpZNwEA9gyvYasSs33Mf/pa+8gfJvHq4a62zEtV\nxD6HrgFcN5ZWtxAHAQ3XIm6AedyQOjvd+IUiQxFbHy6VAtYtMRNiwUln3tiB/mP5\nC5drIEl8UwlYdg/Gqzd2slY7MaaE52sBKMx9IzFxv+DeMerwKOgMDZQWFpjXStrl\n+U9xytX9QVqQpbJ7rAwkEDSP+6w+X9LZCYZVkSV4Y8l5zuPkBWLpsEBV0yRw4+y2\nO6CbSXoXU5E32jJct+Xe4ph6y+VhEa6fdG8Do7n+oXb6bfhpuKZMWGNNfocCAwEA\nAQKCAgADqqOHoRlYaZYj8mksQq4yjrnpOCk8BakDpVxfDvwF8G+h7+XXHk6WLBGZ\nJGrlNM98MlbvpkrL7XSqsi85jauEOupTSfejrBefHWsZKU3NV6xF+VCsuomZjZr1\n/an9dCe7QmVdxV2JFdlvHGhMTuHpjutLc5ocQ7cxVEoBTkQCZRTbqqgviIlIYMQv\nrkep1sIYbzv/mcMC2POUrQTcsYzGEUpJACpc1LKCl8u8aIGbF6vFl+lZ+5kKlhoO\nGfTkokhKLUHhw0Cwl/nbiv9ilA5sOuHsZjLgxDZ1RLSVaRVDGksK+iusmzC+7cxQ\nz1rl3KPNCVhfDjA+lw3om7IEuvSoDWcwMDCSn9hGTizHBOCB/kJq7QS8fhu9bcHE\n0wUWkQ9uPloTnPUnE6ajbAGLg6d893015qbpEiaSRuiYkfPO1eNEM3lnr/d2gsPE\nZUqspYHjY/GRANz0FV9Ah5+1xlvuwFml6iKs5Znr/kU8Xqgej7xqkDRkGjdEsEYa\nzX5cCA2+X9Wfid5Z1IV82dZLo+Bn7NTnvwdI35geOZA1E1UOTd8J4fvIahfOKTku\nkla6mhPhIbF9ffHDa8fM2khu0rvtAJ/Mt72soSpcgud9piiTq7xmRCa1P6RUtwgi\nqcGIxyrzp0ebK0iZJXlMFppi101hf/beVa66Ho91ht9LSHQywQKCAQEA7jC9avY6\nJDCAT/+bDxEcS0p8RG/7wY2sTF37rFzEqZt7yx0yWxLnb7uoNARWU3dPk9GFm2u1\nfqbXnUHsEqn9gTuxXZwtIvFpeDg/E2gVRtLURTW15jZMjNQzZQv6KL/zdMTXNcbM\nHaONrNp7eGRr/dPdCM+7QESOXa8SWl5fOQ7t7yMgpSkQizK7PZF/ItZIwZcjSthw\njaxLVKJfH0F7TChntppFJ4yZYYHeoRKfm0G2s/QVOqci0notFn7EkzC6HewCKnAp\nnFAXpNl+7bn4Gtzjt/yLwOorjVr2oaKegbriqDRb/w3On8zFaL/697yFVWWJvC+J\nx1n8pPopzzvDWwKCAQEAym/pscVS9uUfGLgMdejNa+oYgd95+wZ037gnl3kLG3jk\nxPRgpGrUUbOm0mlQliZJodGdSsvuJ1rdwZCQGm64fnU1hv5EfU3Eg31gLA3gi6Vn\nw/QAfS3k45qMHeDGR3SkxzB0ulz/VE0SaWbhmbiOpUvW3igqkIx9teNkma+PpmQb\nQRpgN8YgV2vFYljAFDT2kJihdmTdur2lVfha7k/jI9shQrLP94DDVPrQH6QIMfi5\nZXK3kngbWaOufkpHDYE+1uXF/4mSP6jKsOPLPkjcuLtap2dw16GzTKXU9GgPKry+\n+tEItfFvipbpbLThSJW2ZD2l4MbGtQqSCQqMlkA1RQKCAQA29rJPA2CpRzPkwfPz\nBxzDVv3UAQ9UO6/9s1ZHEOUkykdHuIYNNBCJ3QDUeAe/nPGVB61QDwvDnRZ2KGck\na2ufLbohAs/7lz+iSUBs5wC55h6rldhStkb13GW7tIbWbmzsjhunQieJ01r2/zes\nsWemHASOavknvGopviN7DPnmPcaz/yQiWJaDuIIyk+eFj3MckRbIx6c5Wf/MGOfg\nW4jrKwu7vF+m36/pK0HHY3fHKOPTJMjdTwIfFahf34LXAFCCZRqe1mETu/uow7Oh\ngd95u20k4LcTHjZMmSf+ZnszLn/tFp///BypDWSkZmCwWCVgblzZOxMNGHvPShbp\nxj2vAoIBAQDGxH4EtAhTLgOLhOOPPoe85v0rQB+IT/2f0TTmsM4sKlcN4BmoNtDE\nbA5n2UpsM6nmvmegEn6Dm9/TeDtWCNMUL8fgBXeARUSoCwnMF9AbrcwmBkYYo2Bz\n7sKXb6WgcbJ9dmGWv0thHc/vODpZcnJ1cPLH7U5l4dxpJJ4ZnN0CdpagJOLGwL3u\nuH31o8jtzlcvAP7AvidMfXuC3zmBd2VCRp3w3JwAnCivHxoNh0UYs+xt5ObEZTQN\nnv7tN8duRjJKVRBFaXH1GanzZ6efP3Gh3SwU5SdSQo5HuyhO1oHV57/pjCfuZeKs\nhKMrvqrZV07gO/vMqcBf8MIVKIuD2AW1AoIBAATOrqFY9BOvmXTbdwCnzI00hAfm\naN/GKAxzCZ+Vp3n6bNKYvT6pzo0kBnuLvwfzbZfaJA38YX8GXStNz6EFasFp2njf\nATmSNNfggt2fn+9HRnIObdOBcbAjLAxfGkEf1eyrWNhVKv6VduZVS1s3TqwymudG\nvWtk+tH8yC7orTVS92h6/do8FCFpEv9ZKXO/fFR5KSS7UtT2QrymucL54ELXl6xT\n21tZ0KYvSQKeEjKgQ9YxkXXCD+eoXGyQhVKrKFhTnM0udi/mw6chgwGVN1/ntU4n\nANWDGKbq8xX8g1twGAlpuMhPQpfHM4ROI1U2akfv6OP2woWhHnWhu0t7kfA=\n-----END RSA PRIVATE KEY-----\n",
            "content_base64": null,
            "content_base64sha256": "WZwGQtr5j908D9RRpltvuxzF0pBgCfLnHRRSHWYrq/A=",
            "content_base64sha512": "t5JvMAf/FAwsG6Djdsm5oAycm7IvN+xiRCHaPz4wePrVaxuBms6fRh3PxI1cRPHQ1njJEvIQk7Jbd43OV6bSUQ==",
            "content_md5": "a1f1e1f22fedaf22eb892a56e659b5de",
            "content_sha1": "db66996134c3f03c8fd401f469f072114a879a21",
            "content_sha256": "599c0642daf98fdd3c0fd451a65b6fbb1cc5d2906009f2e71d14521d662babf0",
            "content_sha512": "b7926f3007ff140c2c1ba0e376c9b9a00c9c9bb22f37ec624421da3f3e3078fad56b1b819ace9f461dcfc48d5c44f1d0d678c912f21093b25b778dce57a6d251",
            "directory_permission": "0777",
            "file_permission": "0400",
            "filename": "./private_key.pem",
            "id": "db66996134c3f03c8fd401f469f072114a879a21",
            "sensitive_content": null,
            "source": null
          },
          "sensitive_attributes": [
            [
              {
                "type": "get_attr",
                "value": "content"
              }
            ],
            [
              {
                "type": "get_attr",
                "value": "sensitive_content"
              }
            ]
          ],
          "identity_schema_version": 0,
          "dependencies": [
            "module.ec2_instances.tls_private_key.main"
          ]
        }
      ]
    },
    {
      "module": "module.ec2_instances",
      "mode": "managed",
      "type": "tls_private_key",
      "name": "main",
      "provider": "provider[\"registry.terraform.io/hashicorp/tls\"]",
      "instances": [
        {
          "schema_version": 1,
          "attributes": {
            "algorithm": "RSA",
            "ecdsa_curve": "P224",
            "id": "85f1719900f8ecf607d4ec888d63b9af9fd24c3d",
            "private_key_openssh": "-----BEGIN OPENSSH PRIVATE KEY-----\nb3BlbnNzaC1rZXktdjEAAAAABG5vbmUAAAAEbm9uZQAAAAAAAAABAAACFwAAAAdz\nc2gtcnNhAAAAAwEAAQAAAgEAvFqWCEtcp+sftKk1Fh1LXhiZP8dEi7k+ZaiPqkUU\niPf1VV1w7gpmILvGf75U1z3ZTAEx+ZbS1e9PimSTZmZvblt/Bp8iv6+7/i2tFrJb\n/JDljz0bv2S0bUj0up/19HwtZdhGqs484Tvm7sIfxxVEdLGO4FVZBVLxPhQG+jMd\nT7qiANjUPwkKSZgxYdow2B335+dktkXV9Y7XM8YLlLEpePREWtyCFqnXiTKP/+gu\nzdSeF/gLhds2Z7N/qb2ONlIafD/8+G/rbj013spiefBWLX5y91ZCLT0I/BomqzSp\nZc0DaxdWQKVJs/mRnX2UpB8GAI98WbPwDk6eYs/9cP4DEMVpfpJDDnbiuzz0MAUF\n3iL8QV/JM0MYALSQ2Sdq86jSIu1V3R7mswpZNwEA9gyvYasSs33Mf/pa+8gfJvHq\n4a62zEtVxD6HrgFcN5ZWtxAHAQ3XIm6AedyQOjvd+IUiQxFbHy6VAtYtMRNiwUln\n3tiB/mP5C5drIEl8UwlYdg/Gqzd2slY7MaaE52sBKMx9IzFxv+DeMerwKOgMDZQW\nFpjXStrl+U9xytX9QVqQpbJ7rAwkEDSP+6w+X9LZCYZVkSV4Y8l5zuPkBWLpsEBV\n0yRw4+y2O6CbSXoXU5E32jJct+Xe4ph6y+VhEa6fdG8Do7n+oXb6bfhpuKZMWGNN\nfocAAAc48fCCc/HwgnMAAAAHc3NoLXJzYQAAAgEAvFqWCEtcp+sftKk1Fh1LXhiZ\nP8dEi7k+ZaiPqkUUiPf1VV1w7gpmILvGf75U1z3ZTAEx+ZbS1e9PimSTZmZvblt/\nBp8iv6+7/i2tFrJb/JDljz0bv2S0bUj0up/19HwtZdhGqs484Tvm7sIfxxVEdLGO\n4FVZBVLxPhQG+jMdT7qiANjUPwkKSZgxYdow2B335+dktkXV9Y7XM8YLlLEpePRE\nWtyCFqnXiTKP/+guzdSeF/gLhds2Z7N/qb2ONlIafD/8+G/rbj013spiefBWLX5y\n91ZCLT0I/BomqzSpZc0DaxdWQKVJs/mRnX2UpB8GAI98WbPwDk6eYs/9cP4DEMVp\nfpJDDnbiuzz0MAUF3iL8QV/JM0MYALSQ2Sdq86jSIu1V3R7mswpZNwEA9gyvYasS\ns33Mf/pa+8gfJvHq4a62zEtVxD6HrgFcN5ZWtxAHAQ3XIm6AedyQOjvd+IUiQxFb\nHy6VAtYtMRNiwUln3tiB/mP5C5drIEl8UwlYdg/Gqzd2slY7MaaE52sBKMx9IzFx\nv+DeMerwKOgMDZQWFpjXStrl+U9xytX9QVqQpbJ7rAwkEDSP+6w+X9LZCYZVkSV4\nY8l5zuPkBWLpsEBV0yRw4+y2O6CbSXoXU5E32jJct+Xe4ph6y+VhEa6fdG8Do7n+\noXb6bfhpuKZMWGNNfocAAAADAQABAAACAAOqo4ehGVhpliPyaSxCrjKOuek4KTwF\nqQOlXF8O/AXwb6Hv5dceTpYsEZkkauU0z3wyVu+mSsvtdKqyLzmNq4Q66lNJ96Os\nF58daxkpTc1XrEX5UKy6iZmNmvX9qf10J7tCZV3FXYkV2W8caExO4emO60tzmhxD\ntzFUSgFORAJlFNuqqC+IiUhgxC+uR6nWwhhvO/+ZwwLY85StBNyxjMYRSkkAKlzU\nsoKXy7xogZsXq8WX6Vn7mQqWGg4Z9OSiSEotQeHDQLCX+duK/2KUDmw64exmMuDE\nNnVEtJVpFUMaSwr6K6ybML7tzFDPWuXco80JWF8OMD6XDeibsgS69KgNZzAwMJKf\n2EZOLMcE4IH+QmrtBLx+G71twcTTBRaRD24+WhOc9ScTpqNsAYuDp3z3fTXmpukS\nJpJG6JiR887V40QzeWev93aCw8RlSqylgeNj8ZEA3PQVX0CHn7XGW+7AWaXqIqzl\nmev+RTxeqB6PvGqQNGQaN0SwRhrNflwIDb5f1Z+J3lnUhXzZ1kuj4Gfs1Oe/B0jf\nmB45kDUTVQ5N3wnh+8hqF84pOS6SVrqaE+EhsX198cNrx8zaSG7Su+0An8y3vayh\nKlyC532mKJOrvGZEJrU/pFS3CCKpwYjHKvOnR5srSJkleUwWmmLXTWF/9t5Vrroe\nj3WG30tIdDLBAAABAATOrqFY9BOvmXTbdwCnzI00hAfmaN/GKAxzCZ+Vp3n6bNKY\nvT6pzo0kBnuLvwfzbZfaJA38YX8GXStNz6EFasFp2njfATmSNNfggt2fn+9HRnIO\nbdOBcbAjLAxfGkEf1eyrWNhVKv6VduZVS1s3TqwymudGvWtk+tH8yC7orTVS92h6\n/do8FCFpEv9ZKXO/fFR5KSS7UtT2QrymucL54ELXl6xT21tZ0KYvSQKeEjKgQ9Yx\nkXXCD+eoXGyQhVKrKFhTnM0udi/mw6chgwGVN1/ntU4nANWDGKbq8xX8g1twGAlp\nuMhPQpfHM4ROI1U2akfv6OP2woWhHnWhu0t7kfAAAAEBAO4wvWr2OiQwgE//mw8R\nHEtKfERv+8GNrExd+6xcxKmbe8sdMlsS52+7qDQEVlN3T5PRhZtrtX6m151B7BKp\n/YE7sV2cLSLxaXg4PxNoFUbS1EU1teY2TIzUM2UL+ii/83TE1zXGzB2jjazae3hk\na/3T3QjPu0BEjl2vElpeXzkO7e8jIKUpEIsyuz2RfyLWSMGXI0rYcI2sS1SiXx9B\ne0woZ7aaRSeMmWGB3qESn5tBtrP0FTqnItJ6LRZ+xJMwuh3sAipwKZxQF6TZfu25\n+Brc47f8i8DqK41a9qGinoG64qg0W/8Nzp/MxWi/+ve8hVVlibwvicdZ/KT6Kc87\nw1sAAAEBAMpv6bHFUvblHxi4DHXozWvqGIHfefsGdN+4J5d5Cxt45MT0YKRq1FGz\nptJpUJYmSaHRnUrL7ida3cGQkBpuuH51NYb+RH1NxIN9YCwN4IulZ8P0AH0t5OOa\njB3gxkd0pMcwdLpc/1RNEmlm4Zm4jqVL1t4oKpCMfbXjZJmvj6ZkG0EaYDfGIFdr\nxWJYwBQ09pCYoXZk3bq9pVX4Wu5P4yPbIUKyz/eAw1T60B+kCDH4uWVyt5J4G1mj\nrn5KRw2BPtblxf+Jkj+oyrDjyz5I3Li7WqdncNehs0yl1PRoDyq8vvrRCLXxb4qW\n6Wy04UiVtmQ9peDGxrUKkgkKjJZANUUAAAAAAQID\n-----END OPENSSH PRIVATE KEY-----\n",
            "private_key_pem": "-----BEGIN RSA PRIVATE KEY-----\nMIIJKAIBAAKCAgEAvFqWCEtcp+sftKk1Fh1LXhiZP8dEi7k+ZaiPqkUUiPf1VV1w\n7gpmILvGf75U1z3ZTAEx+ZbS1e9PimSTZmZvblt/Bp8iv6+7/i2tFrJb/JDljz0b\nv2S0bUj0up/19HwtZdhGqs484Tvm7sIfxxVEdLGO4FVZBVLxPhQG+jMdT7qiANjU\nPwkKSZgxYdow2B335+dktkXV9Y7XM8YLlLEpePREWtyCFqnXiTKP/+guzdSeF/gL\nhds2Z7N/qb2ONlIafD/8+G/rbj013spiefBWLX5y91ZCLT0I/BomqzSpZc0DaxdW\nQKVJs/mRnX2UpB8GAI98WbPwDk6eYs/9cP4DEMVpfpJDDnbiuzz0MAUF3iL8QV/J\nM0MYALSQ2Sdq86jSIu1V3R7mswpZNwEA9gyvYasSs33Mf/pa+8gfJvHq4a62zEtV\nxD6HrgFcN5ZWtxAHAQ3XIm6AedyQOjvd+IUiQxFbHy6VAtYtMRNiwUln3tiB/mP5\nC5drIEl8UwlYdg/Gqzd2slY7MaaE52sBKMx9IzFxv+DeMerwKOgMDZQWFpjXStrl\n+U9xytX9QVqQpbJ7rAwkEDSP+6w+X9LZCYZVkSV4Y8l5zuPkBWLpsEBV0yRw4+y2\nO6CbSXoXU5E32jJct+Xe4ph6y+VhEa6fdG8Do7n+oXb6bfhpuKZMWGNNfocCAwEA\nAQKCAgADqqOHoRlYaZYj8mksQq4yjrnpOCk8BakDpVxfDvwF8G+h7+XXHk6WLBGZ\nJGrlNM98MlbvpkrL7XSqsi85jauEOupTSfejrBefHWsZKU3NV6xF+VCsuomZjZr1\n/an9dCe7QmVdxV2JFdlvHGhMTuHpjutLc5ocQ7cxVEoBTkQCZRTbqqgviIlIYMQv\nrkep1sIYbzv/mcMC2POUrQTcsYzGEUpJACpc1LKCl8u8aIGbF6vFl+lZ+5kKlhoO\nGfTkokhKLUHhw0Cwl/nbiv9ilA5sOuHsZjLgxDZ1RLSVaRVDGksK+iusmzC+7cxQ\nz1rl3KPNCVhfDjA+lw3om7IEuvSoDWcwMDCSn9hGTizHBOCB/kJq7QS8fhu9bcHE\n0wUWkQ9uPloTnPUnE6ajbAGLg6d893015qbpEiaSRuiYkfPO1eNEM3lnr/d2gsPE\nZUqspYHjY/GRANz0FV9Ah5+1xlvuwFml6iKs5Znr/kU8Xqgej7xqkDRkGjdEsEYa\nzX5cCA2+X9Wfid5Z1IV82dZLo+Bn7NTnvwdI35geOZA1E1UOTd8J4fvIahfOKTku\nkla6mhPhIbF9ffHDa8fM2khu0rvtAJ/Mt72soSpcgud9piiTq7xmRCa1P6RUtwgi\nqcGIxyrzp0ebK0iZJXlMFppi101hf/beVa66Ho91ht9LSHQywQKCAQEA7jC9avY6\nJDCAT/+bDxEcS0p8RG/7wY2sTF37rFzEqZt7yx0yWxLnb7uoNARWU3dPk9GFm2u1\nfqbXnUHsEqn9gTuxXZwtIvFpeDg/E2gVRtLURTW15jZMjNQzZQv6KL/zdMTXNcbM\nHaONrNp7eGRr/dPdCM+7QESOXa8SWl5fOQ7t7yMgpSkQizK7PZF/ItZIwZcjSthw\njaxLVKJfH0F7TChntppFJ4yZYYHeoRKfm0G2s/QVOqci0notFn7EkzC6HewCKnAp\nnFAXpNl+7bn4Gtzjt/yLwOorjVr2oaKegbriqDRb/w3On8zFaL/697yFVWWJvC+J\nx1n8pPopzzvDWwKCAQEAym/pscVS9uUfGLgMdejNa+oYgd95+wZ037gnl3kLG3jk\nxPRgpGrUUbOm0mlQliZJodGdSsvuJ1rdwZCQGm64fnU1hv5EfU3Eg31gLA3gi6Vn\nw/QAfS3k45qMHeDGR3SkxzB0ulz/VE0SaWbhmbiOpUvW3igqkIx9teNkma+PpmQb\nQRpgN8YgV2vFYljAFDT2kJihdmTdur2lVfha7k/jI9shQrLP94DDVPrQH6QIMfi5\nZXK3kngbWaOufkpHDYE+1uXF/4mSP6jKsOPLPkjcuLtap2dw16GzTKXU9GgPKry+\n+tEItfFvipbpbLThSJW2ZD2l4MbGtQqSCQqMlkA1RQKCAQA29rJPA2CpRzPkwfPz\nBxzDVv3UAQ9UO6/9s1ZHEOUkykdHuIYNNBCJ3QDUeAe/nPGVB61QDwvDnRZ2KGck\na2ufLbohAs/7lz+iSUBs5wC55h6rldhStkb13GW7tIbWbmzsjhunQieJ01r2/zes\nsWemHASOavknvGopviN7DPnmPcaz/yQiWJaDuIIyk+eFj3MckRbIx6c5Wf/MGOfg\nW4jrKwu7vF+m36/pK0HHY3fHKOPTJMjdTwIfFahf34LXAFCCZRqe1mETu/uow7Oh\ngd95u20k4LcTHjZMmSf+ZnszLn/tFp///BypDWSkZmCwWCVgblzZOxMNGHvPShbp\nxj2vAoIBAQDGxH4EtAhTLgOLhOOPPoe85v0rQB+IT/2f0TTmsM4sKlcN4BmoNtDE\nbA5n2UpsM6nmvmegEn6Dm9/TeDtWCNMUL8fgBXeARUSoCwnMF9AbrcwmBkYYo2Bz\n7sKXb6WgcbJ9dmGWv0thHc/vODpZcnJ1cPLH7U5l4dxpJJ4ZnN0CdpagJOLGwL3u\nuH31o8jtzlcvAP7AvidMfXuC3zmBd2VCRp3w3JwAnCivHxoNh0UYs+xt5ObEZTQN\nnv7tN8duRjJKVRBFaXH1GanzZ6efP3Gh3SwU5SdSQo5HuyhO1oHV57/pjCfuZeKs\nhKMrvqrZV07gO/vMqcBf8MIVKIuD2AW1AoIBAATOrqFY9BOvmXTbdwCnzI00hAfm\naN/GKAxzCZ+Vp3n6bNKYvT6pzo0kBnuLvwfzbZfaJA38YX8GXStNz6EFasFp2njf\nATmSNNfggt2fn+9HRnIObdOBcbAjLAxfGkEf1eyrWNhVKv6VduZVS1s3TqwymudG\nvWtk+tH8yC7orTVS92h6/do8FCFpEv9ZKXO/fFR5KSS7UtT2QrymucL54ELXl6xT\n21tZ0KYvSQKeEjKgQ9YxkXXCD+eoXGyQhVKrKFhTnM0udi/mw6chgwGVN1/ntU4n\nANWDGKbq8xX8g1twGAlpuMhPQpfHM4ROI1U2akfv6OP2woWhHnWhu0t7kfA=\n-----END RSA PRIVATE KEY-----\n",
            "private_key_pem_pkcs8": "-----BEGIN PRIVATE KEY-----\nMIIJQgIBADANBgkqhkiG9w0BAQEFAASCCSwwggkoAgEAAoICAQC8WpYIS1yn6x+0\nqTUWHUteGJk/x0SLuT5lqI+qRRSI9/VVXXDuCmYgu8Z/vlTXPdlMATH5ltLV70+K\nZJNmZm9uW38GnyK/r7v+La0Wslv8kOWPPRu/ZLRtSPS6n/X0fC1l2EaqzjzhO+bu\nwh/HFUR0sY7gVVkFUvE+FAb6Mx1PuqIA2NQ/CQpJmDFh2jDYHffn52S2RdX1jtcz\nxguUsSl49ERa3IIWqdeJMo//6C7N1J4X+AuF2zZns3+pvY42Uhp8P/z4b+tuPTXe\nymJ58FYtfnL3VkItPQj8GiarNKllzQNrF1ZApUmz+ZGdfZSkHwYAj3xZs/AOTp5i\nz/1w/gMQxWl+kkMOduK7PPQwBQXeIvxBX8kzQxgAtJDZJ2rzqNIi7VXdHuazClk3\nAQD2DK9hqxKzfcx/+lr7yB8m8erhrrbMS1XEPoeuAVw3lla3EAcBDdciboB53JA6\nO934hSJDEVsfLpUC1i0xE2LBSWfe2IH+Y/kLl2sgSXxTCVh2D8arN3ayVjsxpoTn\nawEozH0jMXG/4N4x6vAo6AwNlBYWmNdK2uX5T3HK1f1BWpClsnusDCQQNI/7rD5f\n0tkJhlWRJXhjyXnO4+QFYumwQFXTJHDj7LY7oJtJehdTkTfaMly35d7imHrL5WER\nrp90bwOjuf6hdvpt+Gm4pkxYY01+hwIDAQABAoICAAOqo4ehGVhpliPyaSxCrjKO\nuek4KTwFqQOlXF8O/AXwb6Hv5dceTpYsEZkkauU0z3wyVu+mSsvtdKqyLzmNq4Q6\n6lNJ96OsF58daxkpTc1XrEX5UKy6iZmNmvX9qf10J7tCZV3FXYkV2W8caExO4emO\n60tzmhxDtzFUSgFORAJlFNuqqC+IiUhgxC+uR6nWwhhvO/+ZwwLY85StBNyxjMYR\nSkkAKlzUsoKXy7xogZsXq8WX6Vn7mQqWGg4Z9OSiSEotQeHDQLCX+duK/2KUDmw6\n4exmMuDENnVEtJVpFUMaSwr6K6ybML7tzFDPWuXco80JWF8OMD6XDeibsgS69KgN\nZzAwMJKf2EZOLMcE4IH+QmrtBLx+G71twcTTBRaRD24+WhOc9ScTpqNsAYuDp3z3\nfTXmpukSJpJG6JiR887V40QzeWev93aCw8RlSqylgeNj8ZEA3PQVX0CHn7XGW+7A\nWaXqIqzlmev+RTxeqB6PvGqQNGQaN0SwRhrNflwIDb5f1Z+J3lnUhXzZ1kuj4Gfs\n1Oe/B0jfmB45kDUTVQ5N3wnh+8hqF84pOS6SVrqaE+EhsX198cNrx8zaSG7Su+0A\nn8y3vayhKlyC532mKJOrvGZEJrU/pFS3CCKpwYjHKvOnR5srSJkleUwWmmLXTWF/\n9t5Vrroej3WG30tIdDLBAoIBAQDuML1q9jokMIBP/5sPERxLSnxEb/vBjaxMXfus\nXMSpm3vLHTJbEudvu6g0BFZTd0+T0YWba7V+ptedQewSqf2BO7FdnC0i8Wl4OD8T\naBVG0tRFNbXmNkyM1DNlC/oov/N0xNc1xswdo42s2nt4ZGv9090Iz7tARI5drxJa\nXl85Du3vIyClKRCLMrs9kX8i1kjBlyNK2HCNrEtUol8fQXtMKGe2mkUnjJlhgd6h\nEp+bQbaz9BU6pyLSei0WfsSTMLod7AIqcCmcUBek2X7tufga3OO3/IvA6iuNWvah\nop6BuuKoNFv/Dc6fzMVov/r3vIVVZYm8L4nHWfyk+inPO8NbAoIBAQDKb+mxxVL2\n5R8YuAx16M1r6hiB33n7BnTfuCeXeQsbeOTE9GCkatRRs6bSaVCWJkmh0Z1Ky+4n\nWt3BkJAabrh+dTWG/kR9TcSDfWAsDeCLpWfD9AB9LeTjmowd4MZHdKTHMHS6XP9U\nTRJpZuGZuI6lS9beKCqQjH2142SZr4+mZBtBGmA3xiBXa8ViWMAUNPaQmKF2ZN26\nvaVV+FruT+Mj2yFCss/3gMNU+tAfpAgx+LllcreSeBtZo65+SkcNgT7W5cX/iZI/\nqMqw48s+SNy4u1qnZ3DXobNMpdT0aA8qvL760Qi18W+KlulstOFIlbZkPaXgxsa1\nCpIJCoyWQDVFAoIBADb2sk8DYKlHM+TB8/MHHMNW/dQBD1Q7r/2zVkcQ5STKR0e4\nhg00EIndANR4B7+c8ZUHrVAPC8OdFnYoZyRra58tuiECz/uXP6JJQGznALnmHquV\n2FK2RvXcZbu0htZubOyOG6dCJ4nTWvb/N6yxZ6YcBI5q+Se8aim+I3sM+eY9xrP/\nJCJYloO4gjKT54WPcxyRFsjHpzlZ/8wY5+BbiOsrC7u8X6bfr+krQcdjd8co49Mk\nyN1PAh8VqF/fgtcAUIJlGp7WYRO7+6jDs6GB33m7bSTgtxMeNkyZJ/5mezMuf+0W\nn//8HKkNZKRmYLBYJWBuXNk7Ew0Ye89KFunGPa8CggEBAMbEfgS0CFMuA4uE448+\nh7zm/StAH4hP/Z/RNOawziwqVw3gGag20MRsDmfZSmwzqea+Z6ASfoOb39N4O1YI\n0xQvx+AFd4BFRKgLCcwX0ButzCYGRhijYHPuwpdvpaBxsn12YZa/S2Edz+84Olly\ncnVw8sftTmXh3Gkknhmc3QJ2lqAk4sbAve64ffWjyO3OVy8A/sC+J0x9e4LfOYF3\nZUJGnfDcnACcKK8fGg2HRRiz7G3k5sRlNA2e/u03x25GMkpVEEVpcfUZqfNnp58/\ncaHdLBTlJ1JCjke7KE7WgdXnv+mMJ+5l4qyEoyu+qtlXTuA7+8ypwF/wwhUoi4PY\nBbUCggEABM6uoVj0E6+ZdNt3AKfMjTSEB+Zo38YoDHMJn5Wnefps0pi9PqnOjSQG\ne4u/B/Ntl9okDfxhfwZdK03PoQVqwWnaeN8BOZI01+CC3Z+f70dGcg5t04FxsCMs\nDF8aQR/V7KtY2FUq/pV25lVLWzdOrDKa50a9a2T60fzILuitNVL3aHr92jwUIWkS\n/1kpc798VHkpJLtS1PZCvKa5wvngQteXrFPbW1nQpi9JAp4SMqBD1jGRdcIP56hc\nbJCFUqsoWFOczS52L+bDpyGDAZU3X+e1TicA1YMYpurzFfyDW3AYCWm4yE9Cl8cz\nhE4jVTZqR+/o4/bChaEedaG7S3uR8A==\n-----END PRIVATE KEY-----\n",
            "public_key_fingerprint_md5": "6d:f3:b7:0f:e9:5b:b6:1e:e3:c2:43:59:03:ed:9d:4b",
            "public_key_fingerprint_sha256": "SHA256:K8kMlSxzcHNbZUHbq5OqB7BZsQpl8ZlicYAkisZsUSU",
            "public_key_openssh": "ssh-rsa AAAAB3NzaC1yc2EAAAADAQABAAACAQC8WpYIS1yn6x+0qTUWHUteGJk/x0SLuT5lqI+qRRSI9/VVXXDuCmYgu8Z/vlTXPdlMATH5ltLV70+KZJNmZm9uW38GnyK/r7v+La0Wslv8kOWPPRu/ZLRtSPS6n/X0fC1l2EaqzjzhO+buwh/HFUR0sY7gVVkFUvE+FAb6Mx1PuqIA2NQ/CQpJmDFh2jDYHffn52S2RdX1jtczxguUsSl49ERa3IIWqdeJMo//6C7N1J4X+AuF2zZns3+pvY42Uhp8P/z4b+tuPTXeymJ58FYtfnL3VkItPQj8GiarNKllzQNrF1ZApUmz+ZGdfZSkHwYAj3xZs/AOTp5iz/1w/gMQxWl+kkMOduK7PPQwBQXeIvxBX8kzQxgAtJDZJ2rzqNIi7VXdHuazClk3AQD2DK9hqxKzfcx/+lr7yB8m8erhrrbMS1XEPoeuAVw3lla3EAcBDdciboB53JA6O934hSJDEVsfLpUC1i0xE2LBSWfe2IH+Y/kLl2sgSXxTCVh2D8arN3ayVjsxpoTnawEozH0jMXG/4N4x6vAo6AwNlBYWmNdK2uX5T3HK1f1BWpClsnusDCQQNI/7rD5f0tkJhlWRJXhjyXnO4+QFYumwQFXTJHDj7LY7oJtJehdTkTfaMly35d7imHrL5WERrp90bwOjuf6hdvpt+Gm4pkxYY01+hw==\n",
            "public_key_pem": "-----BEGIN PUBLIC KEY-----\nMIICIjANBgkqhkiG9w0BAQEFAAOCAg8AMIICCgKCAgEAvFqWCEtcp+sftKk1Fh1L\nXhiZP8dEi7k+ZaiPqkUUiPf1VV1w7gpmILvGf75U1z3ZTAEx+ZbS1e9PimSTZmZv\nblt/Bp8iv6+7/i2tFrJb/JDljz0bv2S0bUj0up/19HwtZdhGqs484Tvm7sIfxxVE\ndLGO4FVZBVLxPhQG+jMdT7qiANjUPwkKSZgxYdow2B335+dktkXV9Y7XM8YLlLEp\nePREWtyCFqnXiTKP/+guzdSeF/gLhds2Z7N/qb2ONlIafD/8+G/rbj013spiefBW\nLX5y91ZCLT0I/BomqzSpZc0DaxdWQKVJs/mRnX2UpB8GAI98WbPwDk6eYs/9cP4D\nEMVpfpJDDnbiuzz0MAUF3iL8QV/JM0MYALSQ2Sdq86jSIu1V3R7mswpZNwEA9gyv\nYasSs33Mf/pa+8gfJvHq4a62zEtVxD6HrgFcN5ZWtxAHAQ3XIm6AedyQOjvd+IUi\nQxFbHy6VAtYtMRNiwUln3tiB/mP5C5drIEl8UwlYdg/Gqzd2slY7MaaE52sBKMx9\nIzFxv+DeMerwKOgMDZQWFpjXStrl+U9xytX9QVqQpbJ7rAwkEDSP+6w+X9LZCYZV\nkSV4Y8l5zuPkBWLpsEBV0yRw4+y2O6CbSXoXU5E32jJct+Xe4ph6y+VhEa6fdG8D\no7n+oXb6bfhpuKZMWGNNfocCAwEAAQ==\n-----END PUBLIC KEY-----\n",
            "rsa_bits": 4096
          },
          "sensitive_attributes": [
            [
              {
                "type": "get_attr",
                "value": "private_key_openssh"
              }
            ],
            [
              {
                "type": "get_attr",
                "value": "private_key_pem"
              }
            ],
            [
              {
                "type": "get_attr",
                "value": "private_key_pem_pkcs8"
              }
            ]
          ],
          "identity_schema_version": 0
        }
      ]
    },
    {
      "module": "module.security_groups",
      "mode": "managed",
      "type": "aws_security_group",
      "name": "private",
      "provider": "provider[\"registry.terraform.io/hashicorp/aws\"]",
      "instances": [
        {
          "schema_version": 1,
          "attributes": {
            "arn": "arn:aws:ec2:eu-north-1:656860122216:security-group/sg-07d95db016ba04f8f",
            "description": "Security group for private subnet",
            "egress": [
              {
                "cidr_blocks": [
                  "0.0.0.0/0"
                ],
                "description": "All outbound traffic",
                "from_port": 0,
                "ipv6_cidr_blocks": [],
                "prefix_list_ids": [],
                "protocol": "-1",
                "security_groups": [],
                "self": false,
                "to_port": 0
              }
            ],
            "id": "sg-07d95db016ba04f8f",
            "ingress": [
              {
                "cidr_blocks": [],
                "description": "SSH from public subnet",
                "from_port": 22,
                "ipv6_cidr_blocks": [],
                "prefix_list_ids": [],
                "protocol": "tcp",
                "security_groups": [
                  "sg-0ffb575bee51079ab"
                ],
                "self": false,
                "to_port": 22
              }
            ],
            "name": "aws-cybersec-private-sg",
            "name_prefix": "",
            "owner_id": "656860122216",
            "revoke_rules_on_delete": false,
            "tags": {
              "Environment": "dev",
              "Name": "aws-cybersec-private-sg"
            },
            "tags_all": {
              "Environment": "dev",
              "Name": "aws-cybersec-private-sg"
            },
            "timeouts": null,
            "vpc_id": "vpc-01e1e8da835aab83f"
          },
          "sensitive_attributes": [],
          "identity_schema_version": 0,
          "private": "eyJlMmJmYjczMC1lY2FhLTExZTYtOGY4OC0zNDM2M2JjN2M0YzAiOnsiY3JlYXRlIjo2MDAwMDAwMDAwMDAsImRlbGV0ZSI6OTAwMDAwMDAwMDAwfSwic2NoZW1hX3ZlcnNpb24iOiIxIn0=",
          "dependencies": [
            "module.security_groups.aws_security_group.public",
            "module.vpc.aws_vpc.main"
          ]
        }
      ]
    },
    {
      "module": "module.security_groups",
      "mode": "managed",
      "type": "aws_security_group",
      "name": "public",
      "provider": "provider[\"registry.terraform.io/hashicorp/aws\"]",
      "instances": [
        {
          "schema_version": 1,
          "attributes": {
            "arn": "arn:aws:ec2:eu-north-1:656860122216:security-group/sg-0ffb575bee51079ab",
            "description": "Security group for public subnet",
            "egress": [
              {
                "cidr_blocks": [
                  "0.0.0.0/0"
                ],
                "description": "All outbound traffic",
                "from_port": 0,
                "ipv6_cidr_blocks": [],
                "prefix_list_ids": [],
                "protocol": "-1",
                "security_groups": [],
                "self": false,
                "to_port": 0
              }
            ],
            "id": "sg-0ffb575bee51079ab",
            "ingress": [
              {
                "cidr_blocks": [
                  "0.0.0.0/0"
                ],
                "description": "HTTP from my IP",
                "from_port": 80,
                "ipv6_cidr_blocks": [],
                "prefix_list_ids": [],
                "protocol": "tcp",
                "security_groups": [],
                "self": false,
                "to_port": 80
              },
              {
                "cidr_blocks": [
                  "0.0.0.0/0"
                ],
                "description": "SSH from my IP",
                "from_port": 22,
                "ipv6_cidr_blocks": [],
                "prefix_list_ids": [],
                "protocol": "tcp",
                "security_groups": [],
                "self": false,
                "to_port": 22
              }
            ],
            "name": "aws-cybersec-public-sg",
            "name_prefix": "",
            "owner_id": "656860122216",
            "revoke_rules_on_delete": false,
            "tags": {
              "Environment": "dev",
              "Name": "aws-cybersec-public-sg"
            },
            "tags_all": {
              "Environment": "dev",
              "Name": "aws-cybersec-public-sg"
            },
            "timeouts": null,
            "vpc_id": "vpc-01e1e8da835aab83f"
          },
          "sensitive_attributes": [],
          "identity_schema_version": 0,
          "private": "eyJlMmJmYjczMC1lY2FhLTExZTYtOGY4OC0zNDM2M2JjN2M0YzAiOnsiY3JlYXRlIjo2MDAwMDAwMDAwMDAsImRlbGV0ZSI6OTAwMDAwMDAwMDAwfSwic2NoZW1hX3ZlcnNpb24iOiIxIn0=",
          "dependencies": [
            "module.vpc.aws_vpc.main"
          ]
        }
      ]
    },
    {
      "module": "module.vpc",
      "mode": "data",
      "type": "aws_availability_zones",
      "name": "available",
      "provider": "provider[\"registry.terraform.io/hashicorp/aws\"]",
      "instances": [
        {
          "schema_version": 0,
          "attributes": {
            "all_availability_zones": null,
            "exclude_names": null,
            "exclude_zone_ids": null,
            "filter": null,
            "group_names": [
              "eu-north-1-zg-1"
            ],
            "id": "eu-north-1",
            "names": [
              "eu-north-1a",
              "eu-north-1b",
              "eu-north-1c"
            ],
            "state": "available",
            "timeouts": null,
            "zone_ids": [
              "eun1-az1",
              "eun1-az2",
              "eun1-az3"
            ]
          },
          "sensitive_attributes": [],
          "identity_schema_version": 0
        }
      ]
    },
    {
      "module": "module.vpc",
      "mode": "managed",
      "type": "aws_eip",
      "name": "nat",
      "provider": "provider[\"registry.terraform.io/hashicorp/aws\"]",
      "instances": [
        {
          "schema_version": 0,
          "attributes": {
            "address": null,
            "allocation_id": "eipalloc-026038329786e954b",
            "arn": "arn:aws:ec2:eu-north-1:656860122216:elastic-ip/eipalloc-026038329786e954b",
            "associate_with_private_ip": null,
            "association_id": "eipassoc-0c5c2a28e9fefb111",
            "carrier_ip": "",
            "customer_owned_ip": "",
            "customer_owned_ipv4_pool": "",
            "domain": "vpc",
            "id": "eipalloc-026038329786e954b",
            "instance": "",
            "ipam_pool_id": null,
            "network_border_group": "eu-north-1",
            "network_interface": "eni-05bbb765e14ed738a",
            "private_dns": "ip-10-0-1-173.eu-north-1.compute.internal",
            "private_ip": "10.0.1.173",
            "ptr_record": "",
            "public_dns": "ec2-51-21-146-66.eu-north-1.compute.amazonaws.com",
            "public_ip": "51.21.146.66",
            "public_ipv4_pool": "amazon",
            "tags": {
              "Environment": "dev",
              "Name": "aws-cybersec-nat-eip"
            },
            "tags_all": {
              "Environment": "dev",
              "Name": "aws-cybersec-nat-eip"
            },
            "timeouts": null,
            "vpc": true
          },
          "sensitive_attributes": [],
          "identity_schema_version": 0,
          "private": "eyJlMmJmYjczMC1lY2FhLTExZTYtOGY4OC0zNDM2M2JjN2M0YzAiOnsiZGVsZXRlIjoxODAwMDAwMDAwMDAsInJlYWQiOjkwMDAwMDAwMDAwMCwidXBkYXRlIjozMDAwMDAwMDAwMDB9fQ==",
          "dependencies": [
            "module.vpc.aws_internet_gateway.main",
            "module.vpc.aws_vpc.main"
          ]
        }
      ]
    },
    {
      "module": "module.vpc",
      "mode": "managed",
      "type": "aws_internet_gateway",
      "name": "main",
      "provider": "provider[\"registry.terraform.io/hashicorp/aws\"]",
      "instances": [
        {
          "schema_version": 0,
          "attributes": {
            "arn": "arn:aws:ec2:eu-north-1:656860122216:internet-gateway/igw-07f8758525dcf5ae9",
            "id": "igw-07f8758525dcf5ae9",
            "owner_id": "656860122216",
            "tags": {
              "Environment": "dev",
              "Name": "aws-cybersec-igw"
            },
            "tags_all": {
              "Environment": "dev",
              "Name": "aws-cybersec-igw"
            },
            "timeouts": null,
            "vpc_id": "vpc-01e1e8da835aab83f"
          },
          "sensitive_attributes": [],
          "identity_schema_version": 0,
          "private": "eyJlMmJmYjczMC1lY2FhLTExZTYtOGY4OC0zNDM2M2JjN2M0YzAiOnsiY3JlYXRlIjoxMjAwMDAwMDAwMDAwLCJkZWxldGUiOjEyMDAwMDAwMDAwMDAsInVwZGF0ZSI6MTIwMDAwMDAwMDAwMH19",
          "dependencies": [
            "module.vpc.aws_vpc.main"
          ]
        }
      ]
    },
    {
      "module": "module.vpc",
      "mode": "managed",
      "type": "aws_nat_gateway",
      "name": "main",
      "provider": "provider[\"registry.terraform.io/hashicorp/aws\"]",
      "instances": [
        {
          "schema_version": 0,
          "attributes": {
            "allocation_id": "eipalloc-026038329786e954b",
            "association_id": "eipassoc-0c5c2a28e9fefb111",
            "connectivity_type": "public",
            "id": "nat-087d1ca33ccfa444e",
            "network_interface_id": "eni-05bbb765e14ed738a",
            "private_ip": "10.0.1.173",
            "public_ip": "51.21.146.66",
            "secondary_allocation_ids": [],
            "secondary_private_ip_address_count": 0,
            "secondary_private_ip_addresses": [],
            "subnet_id": "subnet-06981acbc20b6b993",
            "tags": {
              "Environment": "dev",
              "Name": "aws-cybersec-nat-gateway"
            },
            "tags_all": {
              "Environment": "dev",
              "Name": "aws-cybersec-nat-gateway"
            },
            "timeouts": null
          },
          "sensitive_attributes": [],
          "identity_schema_version": 0,
          "private": "eyJlMmJmYjczMC1lY2FhLTExZTYtOGY4OC0zNDM2M2JjN2M0YzAiOnsiY3JlYXRlIjo2MDAwMDAwMDAwMDAsImRlbGV0ZSI6MTgwMDAwMDAwMDAwMCwidXBkYXRlIjo2MDAwMDAwMDAwMDB9fQ==",
          "dependencies": [
            "module.vpc.aws_eip.nat",
            "module.vpc.aws_internet_gateway.main",
            "module.vpc.aws_subnet.public",
            "module.vpc.aws_vpc.main",
            "module.vpc.data.aws_availability_zones.available"
          ]
        }
      ]
    },
    {
      "module": "module.vpc",
      "mode": "managed",
      "type": "aws_route_table",
      "name": "private",
      "provider": "provider[\"registry.terraform.io/hashicorp/aws\"]",
      "instances": [
        {
          "schema_version": 0,
          "attributes": {
            "arn": "arn:aws:ec2:eu-north-1:656860122216:route-table/rtb-000942e040e1a441a",
            "id": "rtb-000942e040e1a441a",
            "owner_id": "656860122216",
            "propagating_vgws": [],
            "route": [
              {
                "carrier_gateway_id": "",
                "cidr_block": "0.0.0.0/0",
                "core_network_arn": "",
                "destination_prefix_list_id": "",
                "egress_only_gateway_id": "",
                "gateway_id": "",
                "ipv6_cidr_block": "",
                "local_gateway_id": "",
                "nat_gateway_id": "nat-087d1ca33ccfa444e",
                "network_interface_id": "",
                "transit_gateway_id": "",
                "vpc_endpoint_id": "",
                "vpc_peering_connection_id": ""
              }
            ],
            "tags": {
              "Environment": "dev",
              "Name": "aws-cybersec-private-rt"
            },
            "tags_all": {
              "Environment": "dev",
              "Name": "aws-cybersec-private-rt"
            },
            "timeouts": null,
            "vpc_id": "vpc-01e1e8da835aab83f"
          },
          "sensitive_attributes": [],
          "identity_schema_version": 0,
          "private": "eyJlMmJmYjczMC1lY2FhLTExZTYtOGY4OC0zNDM2M2JjN2M0YzAiOnsiY3JlYXRlIjozMDAwMDAwMDAwMDAsImRlbGV0ZSI6MzAwMDAwMDAwMDAwLCJ1cGRhdGUiOjEyMDAwMDAwMDAwMH19",
          "dependencies": [
            "module.vpc.aws_eip.nat",
            "module.vpc.aws_internet_gateway.main",
            "module.vpc.aws_nat_gateway.main",
            "module.vpc.aws_subnet.public",
            "module.vpc.aws_vpc.main",
            "module.vpc.data.aws_availability_zones.available"
          ]
        }
      ]
    },
    {
      "module": "module.vpc",
      "mode": "managed",
      "type": "aws_route_table",
      "name": "public",
      "provider": "provider[\"registry.terraform.io/hashicorp/aws\"]",
      "instances": [
        {
          "schema_version": 0,
          "attributes": {
            "arn": "arn:aws:ec2:eu-north-1:656860122216:route-table/rtb-0e69a09ed88e2b7d7",
            "id": "rtb-0e69a09ed88e2b7d7",
            "owner_id": "656860122216",
            "propagating_vgws": [],
            "route": [
              {
                "carrier_gateway_id": "",
                "cidr_block": "0.0.0.0/0",
                "core_network_arn": "",
                "destination_prefix_list_id": "",
                "egress_only_gateway_id": "",
                "gateway_id": "igw-07f8758525dcf5ae9",
                "ipv6_cidr_block": "",
                "local_gateway_id": "",
                "nat_gateway_id": "",
                "network_interface_id": "",
                "transit_gateway_id": "",
                "vpc_endpoint_id": "",
                "vpc_peering_connection_id": ""
              }
            ],
            "tags": {
              "Environment": "dev",
              "Name": "aws-cybersec-public-rt"
            },
            "tags_all": {
              "Environment": "dev",
              "Name": "aws-cybersec-public-rt"
            },
            "timeouts": null,
            "vpc_id": "vpc-01e1e8da835aab83f"
          },
          "sensitive_attributes": [],
          "identity_schema_version": 0,
          "private": "eyJlMmJmYjczMC1lY2FhLTExZTYtOGY4OC0zNDM2M2JjN2M0YzAiOnsiY3JlYXRlIjozMDAwMDAwMDAwMDAsImRlbGV0ZSI6MzAwMDAwMDAwMDAwLCJ1cGRhdGUiOjEyMDAwMDAwMDAwMH19",
          "dependencies": [
            "module.vpc.aws_internet_gateway.main",
            "module.vpc.aws_vpc.main"
          ]
        }
      ]
    },
    {
      "module": "module.vpc",
      "mode": "managed",
      "type": "aws_route_table_association",
      "name": "private",
      "provider": "provider[\"registry.terraform.io/hashicorp/aws\"]",
      "instances": [
        {
          "schema_version": 0,
          "attributes": {
            "gateway_id": "",
            "id": "rtbassoc-0d41cce5d6f0c8c0b",
            "route_table_id": "rtb-000942e040e1a441a",
            "subnet_id": "subnet-0a6d4aa520db4f671",
            "timeouts": null
          },
          "sensitive_attributes": [],
          "identity_schema_version": 0,
          "private": "eyJlMmJmYjczMC1lY2FhLTExZTYtOGY4OC0zNDM2M2JjN2M0YzAiOnsiY3JlYXRlIjozMDAwMDAwMDAwMDAsImRlbGV0ZSI6MzAwMDAwMDAwMDAwLCJ1cGRhdGUiOjEyMDAwMDAwMDAwMH19",
          "dependencies": [
            "module.vpc.aws_eip.nat",
            "module.vpc.aws_internet_gateway.main",
            "module.vpc.aws_nat_gateway.main",
            "module.vpc.aws_route_table.private",
            "module.vpc.aws_subnet.private",
            "module.vpc.aws_subnet.public",
            "module.vpc.aws_vpc.main",
            "module.vpc.data.aws_availability_zones.available"
          ]
        }
      ]
    },
    {
      "module": "module.vpc",
      "mode": "managed",
      "type": "aws_route_table_association",
      "name": "public",
      "provider": "provider[\"registry.terraform.io/hashicorp/aws\"]",
      "instances": [
        {
          "schema_version": 0,
          "attributes": {
            "gateway_id": "",
            "id": "rtbassoc-06b5adcca35d6f098",
            "route_table_id": "rtb-0e69a09ed88e2b7d7",
            "subnet_id": "subnet-06981acbc20b6b993",
            "timeouts": null
          },
          "sensitive_attributes": [],
          "identity_schema_version": 0,
          "private": "eyJlMmJmYjczMC1lY2FhLTExZTYtOGY4OC0zNDM2M2JjN2M0YzAiOnsiY3JlYXRlIjozMDAwMDAwMDAwMDAsImRlbGV0ZSI6MzAwMDAwMDAwMDAwLCJ1cGRhdGUiOjEyMDAwMDAwMDAwMH19",
          "dependencies": [
            "module.vpc.aws_internet_gateway.main",
            "module.vpc.aws_route_table.public",
            "module.vpc.aws_subnet.public",
            "module.vpc.aws_vpc.main",
            "module.vpc.data.aws_availability_zones.available"
          ]
        }
      ]
    },
    {
      "module": "module.vpc",
      "mode": "managed",
      "type": "aws_subnet",
      "name": "private",
      "provider": "provider[\"registry.terraform.io/hashicorp/aws\"]",
      "instances": [
        {
          "schema_version": 1,
          "attributes": {
            "arn": "arn:aws:ec2:eu-north-1:656860122216:subnet/subnet-0a6d4aa520db4f671",
            "assign_ipv6_address_on_creation": false,
            "availability_zone": "eu-north-1b",
            "availability_zone_id": "eun1-az2",
            "cidr_block": "10.0.2.0/24",
            "customer_owned_ipv4_pool": "",
            "enable_dns64": false,
            "enable_lni_at_device_index": 0,
            "enable_resource_name_dns_a_record_on_launch": false,
            "enable_resource_name_dns_aaaa_record_on_launch": false,
            "id": "subnet-0a6d4aa520db4f671",
            "ipv6_cidr_block": "",
            "ipv6_cidr_block_association_id": "",
            "ipv6_native": false,
            "map_customer_owned_ip_on_launch": false,
            "map_public_ip_on_launch": false,
            "outpost_arn": "",
            "owner_id": "656860122216",
            "private_dns_hostname_type_on_launch": "ip-name",
            "tags": {
              "Environment": "dev",
              "Name": "aws-cybersec-private-subnet"
            },
            "tags_all": {
              "Environment": "dev",
              "Name": "aws-cybersec-private-subnet"
            },
            "timeouts": null,
            "vpc_id": "vpc-01e1e8da835aab83f"
          },
          "sensitive_attributes": [],
          "identity_schema_version": 0,
          "private": "eyJlMmJmYjczMC1lY2FhLTExZTYtOGY4OC0zNDM2M2JjN2M0YzAiOnsiY3JlYXRlIjo2MDAwMDAwMDAwMDAsImRlbGV0ZSI6MTIwMDAwMDAwMDAwMH0sInNjaGVtYV92ZXJzaW9uIjoiMSJ9",
          "dependencies": [
            "module.vpc.aws_vpc.main",
            "module.vpc.data.aws_availability_zones.available"
          ]
        }
      ]
    },
    {
      "module": "module.vpc",
      "mode": "managed",
      "type": "aws_subnet",
      "name": "public",
      "provider": "provider[\"registry.terraform.io/hashicorp/aws\"]",
      "instances": [
        {
          "schema_version": 1,
          "attributes": {
            "arn": "arn:aws:ec2:eu-north-1:656860122216:subnet/subnet-06981acbc20b6b993",
            "assign_ipv6_address_on_creation": false,
            "availability_zone": "eu-north-1a",
            "availability_zone_id": "eun1-az1",
            "cidr_block": "10.0.1.0/24",
            "customer_owned_ipv4_pool": "",
            "enable_dns64": false,
            "enable_lni_at_device_index": 0,
            "enable_resource_name_dns_a_record_on_launch": false,
            "enable_resource_name_dns_aaaa_record_on_launch": false,
            "id": "subnet-06981acbc20b6b993",
            "ipv6_cidr_block": "",
            "ipv6_cidr_block_association_id": "",
            "ipv6_native": false,
            "map_customer_owned_ip_on_launch": false,
            "map_public_ip_on_launch": true,
            "outpost_arn": "",
            "owner_id": "656860122216",
            "private_dns_hostname_type_on_launch": "ip-name",
            "tags": {
              "Environment": "dev",
              "Name": "aws-cybersec-public-subnet"
            },
            "tags_all": {
              "Environment": "dev",
              "Name": "aws-cybersec-public-subnet"
            },
            "timeouts": null,
            "vpc_id": "vpc-01e1e8da835aab83f"
          },
          "sensitive_attributes": [],
          "identity_schema_version": 0,
          "private": "eyJlMmJmYjczMC1lY2FhLTExZTYtOGY4OC0zNDM2M2JjN2M0YzAiOnsiY3JlYXRlIjo2MDAwMDAwMDAwMDAsImRlbGV0ZSI6MTIwMDAwMDAwMDAwMH0sInNjaGVtYV92ZXJzaW9uIjoiMSJ9",
          "dependencies": [
            "module.vpc.aws_vpc.main",
            "module.vpc.data.aws_availability_zones.available"
          ]
        }
      ]
    },
    {
      "module": "module.vpc",
      "mode": "managed",
      "type": "aws_vpc",
      "name": "main",
      "provider": "provider[\"registry.terraform.io/hashicorp/aws\"]",
      "instances": [
        {
          "schema_version": 1,
          "attributes": {
            "arn": "arn:aws:ec2:eu-north-1:656860122216:vpc/vpc-01e1e8da835aab83f",
            "assign_generated_ipv6_cidr_block": false,
            "cidr_block": "10.0.0.0/16",
            "default_network_acl_id": "acl-0849014105eec273f",
            "default_route_table_id": "rtb-01ab2039ca5477e36",
            "default_security_group_id": "sg-0df717223a123b1a6",
            "dhcp_options_id": "dopt-0c580dc0f0ec3685d",
            "enable_dns_hostnames": true,
            "enable_dns_support": true,
            "enable_network_address_usage_metrics": false,
            "id": "vpc-01e1e8da835aab83f",
            "instance_tenancy": "default",
            "ipv4_ipam_pool_id": null,
            "ipv4_netmask_length": null,
            "ipv6_association_id": "",
            "ipv6_cidr_block": "",
            "ipv6_cidr_block_network_border_group": "",
            "ipv6_ipam_pool_id": "",
            "ipv6_netmask_length": 0,
            "main_route_table_id": "rtb-01ab2039ca5477e36",
            "owner_id": "656860122216",
            "tags": {
              "Environment": "dev",
              "Name": "aws-cybersec-vpc"
            },
            "tags_all": {
              "Environment": "dev",
              "Name": "aws-cybersec-vpc"
            }
          },
          "sensitive_attributes": [],
          "identity_schema_version": 0,
          "private": "eyJzY2hlbWFfdmVyc2lvbiI6IjEifQ=="
        }
      ]
    }
  ],
  "check_results": null
}
